// !$*UTF8*$!
{
	archiveVersion = 1;
	classes = {
	};
	objectVersion = 50;
	objects = {

/* Begin PBXBuildFile section */
		320BEA8424B5C3C300C45457 /* LSAPI.h in Headers */ = {isa = PBXBuildFile; fileRef = 320BEA8224B5C3C300C45457 /* LSAPI.h */; settings = {ATTRIBUTES = (Public, ); }; };
		320BEA9C24B5C46100C45457 /* Cancelable.swift in Sources */ = {isa = PBXBuildFile; fileRef = 320BEA8B24B5C46100C45457 /* Cancelable.swift */; };
		320BEA9D24B5C46100C45457 /* MultipartFormData.swift in Sources */ = {isa = PBXBuildFile; fileRef = 320BEA8C24B5C46100C45457 /* MultipartFormData.swift */; };
		320BEA9E24B5C46100C45457 /* VoidParser.swift in Sources */ = {isa = PBXBuildFile; fileRef = 320BEA8D24B5C46100C45457 /* VoidParser.swift */; };
		320BEA9F24B5C46100C45457 /* GenericRequest.swift in Sources */ = {isa = PBXBuildFile; fileRef = 320BEA8E24B5C46100C45457 /* GenericRequest.swift */; };
		320BEAA024B5C46100C45457 /* APIError.swift in Sources */ = {isa = PBXBuildFile; fileRef = 320BEA8F24B5C46100C45457 /* APIError.swift */; };
		320BEAA124B5C46100C45457 /* Service.swift in Sources */ = {isa = PBXBuildFile; fileRef = 320BEA9024B5C46100C45457 /* Service.swift */; };
		320BEAA224B5C46100C45457 /* NopCancelable.swift in Sources */ = {isa = PBXBuildFile; fileRef = 320BEA9124B5C46100C45457 /* NopCancelable.swift */; };
		320BEAA324B5C46100C45457 /* Engine.swift in Sources */ = {isa = PBXBuildFile; fileRef = 320BEA9224B5C46100C45457 /* Engine.swift */; };
		320BEAA424B5C46100C45457 /* Result.swift in Sources */ = {isa = PBXBuildFile; fileRef = 320BEA9324B5C46100C45457 /* Result.swift */; };
		320BEAA524B5C46100C45457 /* HTTPMethod.swift in Sources */ = {isa = PBXBuildFile; fileRef = 320BEA9424B5C46100C45457 /* HTTPMethod.swift */; };
		320BEAA624B5C46100C45457 /* RequestExecutor.swift in Sources */ = {isa = PBXBuildFile; fileRef = 320BEA9524B5C46100C45457 /* RequestExecutor.swift */; };
		320BEAA724B5C46100C45457 /* Request.swift in Sources */ = {isa = PBXBuildFile; fileRef = 320BEA9624B5C46100C45457 /* Request.swift */; };
		320BEAA824B5C46100C45457 /* AnonymousCancelable.swift in Sources */ = {isa = PBXBuildFile; fileRef = 320BEA9724B5C46100C45457 /* AnonymousCancelable.swift */; };
		320BEAA924B5C46100C45457 /* Parser.swift in Sources */ = {isa = PBXBuildFile; fileRef = 320BEA9824B5C46100C45457 /* Parser.swift */; };
		320BEAAA24B5C46100C45457 /* JSONRequest.swift in Sources */ = {isa = PBXBuildFile; fileRef = 320BEA9924B5C46100C45457 /* JSONRequest.swift */; };
		320BEAAB24B5C46100C45457 /* AlamofireExecutor.swift in Sources */ = {isa = PBXBuildFile; fileRef = 320BEA9A24B5C46100C45457 /* AlamofireExecutor.swift */; };
		320BEAAC24B5C46100C45457 /* StringParser.swift in Sources */ = {isa = PBXBuildFile; fileRef = 320BEA9B24B5C46100C45457 /* StringParser.swift */; };
		320BEAB324B5D40300C45457 /* Alamofire.framework in Frameworks */ = {isa = PBXBuildFile; fileRef = 320BEAB224B5D40300C45457 /* Alamofire.framework */; };
		320BEAB924B5D9C500C45457 /* ServiceType+AlamofireExecutor.swift in Sources */ = {isa = PBXBuildFile; fileRef = 320BEAB724B5D9C500C45457 /* ServiceType+AlamofireExecutor.swift */; };
		320BEAC124B6531E00C45457 /* AppDelegate.swift in Sources */ = {isa = PBXBuildFile; fileRef = 320BEAC024B6531E00C45457 /* AppDelegate.swift */; };
		320BEAC324B6531E00C45457 /* SceneDelegate.swift in Sources */ = {isa = PBXBuildFile; fileRef = 320BEAC224B6531E00C45457 /* SceneDelegate.swift */; };
		320BEAC524B6531E00C45457 /* ContentView.swift in Sources */ = {isa = PBXBuildFile; fileRef = 320BEAC424B6531E00C45457 /* ContentView.swift */; };
		320BEAC724B6532100C45457 /* Assets.xcassets in Resources */ = {isa = PBXBuildFile; fileRef = 320BEAC624B6532100C45457 /* Assets.xcassets */; };
		320BEACA24B6532100C45457 /* Preview Assets.xcassets in Resources */ = {isa = PBXBuildFile; fileRef = 320BEAC924B6532100C45457 /* Preview Assets.xcassets */; };
		320BEACD24B6532100C45457 /* LaunchScreen.storyboard in Resources */ = {isa = PBXBuildFile; fileRef = 320BEACB24B6532100C45457 /* LaunchScreen.storyboard */; };
		320BEAD424B6535E00C45457 /* BookService.swift in Sources */ = {isa = PBXBuildFile; fileRef = 320BEAD224B6535E00C45457 /* BookService.swift */; };
		320BEAD524B6535E00C45457 /* BookRequest.swift in Sources */ = {isa = PBXBuildFile; fileRef = 320BEAD324B6535E00C45457 /* BookRequest.swift */; };
		320BEAD724B6537900C45457 /* BaseRequestProtocol.swift in Sources */ = {isa = PBXBuildFile; fileRef = 320BEAD624B6537900C45457 /* BaseRequestProtocol.swift */; };
		320BEADF24B6B5F500C45457 /* RxSwift.framework in Frameworks */ = {isa = PBXBuildFile; fileRef = 320BEAAE24B5CC1400C45457 /* RxSwift.framework */; };
		320BEAEA24B6D49D00C45457 /* RxService.h in Headers */ = {isa = PBXBuildFile; fileRef = 320BEAE824B6D49D00C45457 /* RxService.h */; settings = {ATTRIBUTES = (Public, ); }; };
		320BEAED24B6D49D00C45457 /* RxService.framework in Frameworks */ = {isa = PBXBuildFile; fileRef = 320BEAE624B6D49D00C45457 /* RxService.framework */; };
		320BEAEE24B6D49D00C45457 /* RxService.framework in Embed Frameworks */ = {isa = PBXBuildFile; fileRef = 320BEAE624B6D49D00C45457 /* RxService.framework */; settings = {ATTRIBUTES = (CodeSignOnCopy, RemoveHeadersOnCopy, ); }; };
		320BEAF224B6D51A00C45457 /* ServiceType+Rx.swift in Sources */ = {isa = PBXBuildFile; fileRef = 320BEAB624B5D9C500C45457 /* ServiceType+Rx.swift */; };
		320BEAF324B6D53F00C45457 /* RxSwift.framework in Frameworks */ = {isa = PBXBuildFile; fileRef = 320BEAAE24B5CC1400C45457 /* RxSwift.framework */; };
		320BEAF624B6D57D00C45457 /* LSAPI.framework in Frameworks */ = {isa = PBXBuildFile; fileRef = 320BEA7F24B5C3C300C45457 /* LSAPI.framework */; };
		320BEB0424B6DC1C00C45457 /* CbService.h in Headers */ = {isa = PBXBuildFile; fileRef = 320BEB0224B6DC1C00C45457 /* CbService.h */; settings = {ATTRIBUTES = (Public, ); }; };
		320BEB0724B6DC1D00C45457 /* CbService.framework in Frameworks */ = {isa = PBXBuildFile; fileRef = 320BEB0024B6DC1C00C45457 /* CbService.framework */; };
		320BEB0824B6DC1D00C45457 /* CbService.framework in Embed Frameworks */ = {isa = PBXBuildFile; fileRef = 320BEB0024B6DC1C00C45457 /* CbService.framework */; settings = {ATTRIBUTES = (CodeSignOnCopy, RemoveHeadersOnCopy, ); }; };
		320BEB0C24B6DC2800C45457 /* LSAPI.framework in Frameworks */ = {isa = PBXBuildFile; fileRef = 320BEA7F24B5C3C300C45457 /* LSAPI.framework */; };
		320BEB1224B6DC5000C45457 /* ServiceType+Combine.swift in Sources */ = {isa = PBXBuildFile; fileRef = 320BEB1124B6DC5000C45457 /* ServiceType+Combine.swift */; };
		320BEB1424B6DCFD00C45457 /* ViewController.swift in Sources */ = {isa = PBXBuildFile; fileRef = 320BEB1324B6DCFD00C45457 /* ViewController.swift */; };
/* End PBXBuildFile section */

/* Begin PBXContainerItemProxy section */
		320BEAEB24B6D49D00C45457 /* PBXContainerItemProxy */ = {
			isa = PBXContainerItemProxy;
			containerPortal = 320BEA7624B5C3C300C45457 /* Project object */;
			proxyType = 1;
			remoteGlobalIDString = 320BEAE524B6D49D00C45457;
			remoteInfo = RxService;
		};
		320BEAF824B6D57D00C45457 /* PBXContainerItemProxy */ = {
			isa = PBXContainerItemProxy;
			containerPortal = 320BEA7624B5C3C300C45457 /* Project object */;
			proxyType = 1;
			remoteGlobalIDString = 320BEA7E24B5C3C300C45457;
			remoteInfo = LSAPI;
		};
		320BEB0524B6DC1D00C45457 /* PBXContainerItemProxy */ = {
			isa = PBXContainerItemProxy;
			containerPortal = 320BEA7624B5C3C300C45457 /* Project object */;
			proxyType = 1;
			remoteGlobalIDString = 320BEAFF24B6DC1C00C45457;
			remoteInfo = CbService;
		};
		320BEB0E24B6DC2800C45457 /* PBXContainerItemProxy */ = {
			isa = PBXContainerItemProxy;
			containerPortal = 320BEA7624B5C3C300C45457 /* Project object */;
			proxyType = 1;
			remoteGlobalIDString = 320BEA7E24B5C3C300C45457;
			remoteInfo = LSAPI;
		};
/* End PBXContainerItemProxy section */

/* Begin PBXCopyFilesBuildPhase section */
		320BEADC24B653AA00C45457 /* Embed Frameworks */ = {
			isa = PBXCopyFilesBuildPhase;
			buildActionMask = 2147483647;
			dstPath = "";
			dstSubfolderSpec = 10;
			files = (
				320BEAEE24B6D49D00C45457 /* RxService.framework in Embed Frameworks */,
				320BEB0824B6DC1D00C45457 /* CbService.framework in Embed Frameworks */,
			);
			name = "Embed Frameworks";
			runOnlyForDeploymentPostprocessing = 0;
		};
/* End PBXCopyFilesBuildPhase section */

/* Begin PBXFileReference section */
		320BEA7F24B5C3C300C45457 /* LSAPI.framework */ = {isa = PBXFileReference; explicitFileType = wrapper.framework; includeInIndex = 0; path = LSAPI.framework; sourceTree = BUILT_PRODUCTS_DIR; };
		320BEA8224B5C3C300C45457 /* LSAPI.h */ = {isa = PBXFileReference; lastKnownFileType = sourcecode.c.h; path = LSAPI.h; sourceTree = "<group>"; };
		320BEA8324B5C3C300C45457 /* Info.plist */ = {isa = PBXFileReference; lastKnownFileType = text.plist.xml; path = Info.plist; sourceTree = "<group>"; };
		320BEA8B24B5C46100C45457 /* Cancelable.swift */ = {isa = PBXFileReference; fileEncoding = 4; lastKnownFileType = sourcecode.swift; path = Cancelable.swift; sourceTree = "<group>"; };
		320BEA8C24B5C46100C45457 /* MultipartFormData.swift */ = {isa = PBXFileReference; fileEncoding = 4; lastKnownFileType = sourcecode.swift; path = MultipartFormData.swift; sourceTree = "<group>"; };
		320BEA8D24B5C46100C45457 /* VoidParser.swift */ = {isa = PBXFileReference; fileEncoding = 4; lastKnownFileType = sourcecode.swift; path = VoidParser.swift; sourceTree = "<group>"; };
		320BEA8E24B5C46100C45457 /* GenericRequest.swift */ = {isa = PBXFileReference; fileEncoding = 4; lastKnownFileType = sourcecode.swift; path = GenericRequest.swift; sourceTree = "<group>"; };
		320BEA8F24B5C46100C45457 /* APIError.swift */ = {isa = PBXFileReference; fileEncoding = 4; lastKnownFileType = sourcecode.swift; path = APIError.swift; sourceTree = "<group>"; };
		320BEA9024B5C46100C45457 /* Service.swift */ = {isa = PBXFileReference; fileEncoding = 4; lastKnownFileType = sourcecode.swift; path = Service.swift; sourceTree = "<group>"; };
		320BEA9124B5C46100C45457 /* NopCancelable.swift */ = {isa = PBXFileReference; fileEncoding = 4; lastKnownFileType = sourcecode.swift; path = NopCancelable.swift; sourceTree = "<group>"; };
		320BEA9224B5C46100C45457 /* Engine.swift */ = {isa = PBXFileReference; fileEncoding = 4; lastKnownFileType = sourcecode.swift; path = Engine.swift; sourceTree = "<group>"; };
		320BEA9324B5C46100C45457 /* Result.swift */ = {isa = PBXFileReference; fileEncoding = 4; lastKnownFileType = sourcecode.swift; path = Result.swift; sourceTree = "<group>"; };
		320BEA9424B5C46100C45457 /* HTTPMethod.swift */ = {isa = PBXFileReference; fileEncoding = 4; lastKnownFileType = sourcecode.swift; path = HTTPMethod.swift; sourceTree = "<group>"; };
		320BEA9524B5C46100C45457 /* RequestExecutor.swift */ = {isa = PBXFileReference; fileEncoding = 4; lastKnownFileType = sourcecode.swift; path = RequestExecutor.swift; sourceTree = "<group>"; };
		320BEA9624B5C46100C45457 /* Request.swift */ = {isa = PBXFileReference; fileEncoding = 4; lastKnownFileType = sourcecode.swift; path = Request.swift; sourceTree = "<group>"; };
		320BEA9724B5C46100C45457 /* AnonymousCancelable.swift */ = {isa = PBXFileReference; fileEncoding = 4; lastKnownFileType = sourcecode.swift; path = AnonymousCancelable.swift; sourceTree = "<group>"; };
		320BEA9824B5C46100C45457 /* Parser.swift */ = {isa = PBXFileReference; fileEncoding = 4; lastKnownFileType = sourcecode.swift; path = Parser.swift; sourceTree = "<group>"; };
		320BEA9924B5C46100C45457 /* JSONRequest.swift */ = {isa = PBXFileReference; fileEncoding = 4; lastKnownFileType = sourcecode.swift; path = JSONRequest.swift; sourceTree = "<group>"; };
		320BEA9A24B5C46100C45457 /* AlamofireExecutor.swift */ = {isa = PBXFileReference; fileEncoding = 4; lastKnownFileType = sourcecode.swift; path = AlamofireExecutor.swift; sourceTree = "<group>"; };
		320BEA9B24B5C46100C45457 /* StringParser.swift */ = {isa = PBXFileReference; fileEncoding = 4; lastKnownFileType = sourcecode.swift; path = StringParser.swift; sourceTree = "<group>"; };
		320BEAAE24B5CC1400C45457 /* RxSwift.framework */ = {isa = PBXFileReference; lastKnownFileType = wrapper.framework; name = RxSwift.framework; path = Carthage/Build/iOS/RxSwift.framework; sourceTree = "<group>"; };
		320BEAB224B5D40300C45457 /* Alamofire.framework */ = {isa = PBXFileReference; lastKnownFileType = wrapper.framework; name = Alamofire.framework; path = Carthage/Build/iOS/Alamofire.framework; sourceTree = "<group>"; };
		320BEAB624B5D9C500C45457 /* ServiceType+Rx.swift */ = {isa = PBXFileReference; fileEncoding = 4; lastKnownFileType = sourcecode.swift; path = "ServiceType+Rx.swift"; sourceTree = "<group>"; };
		320BEAB724B5D9C500C45457 /* ServiceType+AlamofireExecutor.swift */ = {isa = PBXFileReference; fileEncoding = 4; lastKnownFileType = sourcecode.swift; path = "ServiceType+AlamofireExecutor.swift"; sourceTree = "<group>"; };
		320BEABE24B6531E00C45457 /* LS_Demo.app */ = {isa = PBXFileReference; explicitFileType = wrapper.application; includeInIndex = 0; path = LS_Demo.app; sourceTree = BUILT_PRODUCTS_DIR; };
		320BEAC024B6531E00C45457 /* AppDelegate.swift */ = {isa = PBXFileReference; lastKnownFileType = sourcecode.swift; path = AppDelegate.swift; sourceTree = "<group>"; };
		320BEAC224B6531E00C45457 /* SceneDelegate.swift */ = {isa = PBXFileReference; lastKnownFileType = sourcecode.swift; path = SceneDelegate.swift; sourceTree = "<group>"; };
		320BEAC424B6531E00C45457 /* ContentView.swift */ = {isa = PBXFileReference; lastKnownFileType = sourcecode.swift; path = ContentView.swift; sourceTree = "<group>"; };
		320BEAC624B6532100C45457 /* Assets.xcassets */ = {isa = PBXFileReference; lastKnownFileType = folder.assetcatalog; path = Assets.xcassets; sourceTree = "<group>"; };
		320BEAC924B6532100C45457 /* Preview Assets.xcassets */ = {isa = PBXFileReference; lastKnownFileType = folder.assetcatalog; path = "Preview Assets.xcassets"; sourceTree = "<group>"; };
		320BEACC24B6532100C45457 /* Base */ = {isa = PBXFileReference; lastKnownFileType = file.storyboard; name = Base; path = Base.lproj/LaunchScreen.storyboard; sourceTree = "<group>"; };
		320BEACE24B6532100C45457 /* Info.plist */ = {isa = PBXFileReference; lastKnownFileType = text.plist.xml; path = Info.plist; sourceTree = "<group>"; };
		320BEAD224B6535E00C45457 /* BookService.swift */ = {isa = PBXFileReference; fileEncoding = 4; lastKnownFileType = sourcecode.swift; path = BookService.swift; sourceTree = "<group>"; };
		320BEAD324B6535E00C45457 /* BookRequest.swift */ = {isa = PBXFileReference; fileEncoding = 4; lastKnownFileType = sourcecode.swift; path = BookRequest.swift; sourceTree = "<group>"; };
		320BEAD624B6537900C45457 /* BaseRequestProtocol.swift */ = {isa = PBXFileReference; lastKnownFileType = sourcecode.swift; path = BaseRequestProtocol.swift; sourceTree = "<group>"; };
		320BEAE624B6D49D00C45457 /* RxService.framework */ = {isa = PBXFileReference; explicitFileType = wrapper.framework; includeInIndex = 0; path = RxService.framework; sourceTree = BUILT_PRODUCTS_DIR; };
		320BEAE824B6D49D00C45457 /* RxService.h */ = {isa = PBXFileReference; lastKnownFileType = sourcecode.c.h; path = RxService.h; sourceTree = "<group>"; };
		320BEAE924B6D49D00C45457 /* Info.plist */ = {isa = PBXFileReference; lastKnownFileType = text.plist.xml; path = Info.plist; sourceTree = "<group>"; };
		320BEB0024B6DC1C00C45457 /* CbService.framework */ = {isa = PBXFileReference; explicitFileType = wrapper.framework; includeInIndex = 0; path = CbService.framework; sourceTree = BUILT_PRODUCTS_DIR; };
		320BEB0224B6DC1C00C45457 /* CbService.h */ = {isa = PBXFileReference; lastKnownFileType = sourcecode.c.h; path = CbService.h; sourceTree = "<group>"; };
		320BEB0324B6DC1C00C45457 /* Info.plist */ = {isa = PBXFileReference; lastKnownFileType = text.plist.xml; path = Info.plist; sourceTree = "<group>"; };
		320BEB1124B6DC5000C45457 /* ServiceType+Combine.swift */ = {isa = PBXFileReference; lastKnownFileType = sourcecode.swift; path = "ServiceType+Combine.swift"; sourceTree = "<group>"; };
		320BEB1324B6DCFD00C45457 /* ViewController.swift */ = {isa = PBXFileReference; lastKnownFileType = sourcecode.swift; path = ViewController.swift; sourceTree = "<group>"; };
/* End PBXFileReference section */

/* Begin PBXFrameworksBuildPhase section */
		320BEA7C24B5C3C300C45457 /* Frameworks */ = {
			isa = PBXFrameworksBuildPhase;
			buildActionMask = 2147483647;
			files = (
				320BEAB324B5D40300C45457 /* Alamofire.framework in Frameworks */,
			);
			runOnlyForDeploymentPostprocessing = 0;
		};
		320BEABB24B6531E00C45457 /* Frameworks */ = {
			isa = PBXFrameworksBuildPhase;
			buildActionMask = 2147483647;
			files = (
				320BEAED24B6D49D00C45457 /* RxService.framework in Frameworks */,
				320BEB0724B6DC1D00C45457 /* CbService.framework in Frameworks */,
				320BEADF24B6B5F500C45457 /* RxSwift.framework in Frameworks */,
			);
			runOnlyForDeploymentPostprocessing = 0;
		};
		320BEAE324B6D49D00C45457 /* Frameworks */ = {
			isa = PBXFrameworksBuildPhase;
			buildActionMask = 2147483647;
			files = (
				320BEAF624B6D57D00C45457 /* LSAPI.framework in Frameworks */,
				320BEAF324B6D53F00C45457 /* RxSwift.framework in Frameworks */,
			);
			runOnlyForDeploymentPostprocessing = 0;
		};
		320BEAFD24B6DC1C00C45457 /* Frameworks */ = {
			isa = PBXFrameworksBuildPhase;
			buildActionMask = 2147483647;
			files = (
				320BEB0C24B6DC2800C45457 /* LSAPI.framework in Frameworks */,
			);
			runOnlyForDeploymentPostprocessing = 0;
		};
/* End PBXFrameworksBuildPhase section */

/* Begin PBXGroup section */
		320BEA7524B5C3C300C45457 = {
			isa = PBXGroup;
			children = (
				320BEABF24B6531E00C45457 /* LS_Demo */,
				320BEA8124B5C3C300C45457 /* LSAPI */,
				320BEAE724B6D49D00C45457 /* RxService */,
				320BEB0124B6DC1C00C45457 /* CbService */,
				320BEA8024B5C3C300C45457 /* Products */,
				320BEAAD24B5CC1300C45457 /* Frameworks */,
			);
			sourceTree = "<group>";
		};
		320BEA8024B5C3C300C45457 /* Products */ = {
			isa = PBXGroup;
			children = (
				320BEA7F24B5C3C300C45457 /* LSAPI.framework */,
				320BEABE24B6531E00C45457 /* LS_Demo.app */,
				320BEAE624B6D49D00C45457 /* RxService.framework */,
				320BEB0024B6DC1C00C45457 /* CbService.framework */,
			);
			name = Products;
			sourceTree = "<group>";
		};
		320BEA8124B5C3C300C45457 /* LSAPI */ = {
			isa = PBXGroup;
			children = (
				320BEA8A24B5C46100C45457 /* APIbase */,
				320BEAB724B5D9C500C45457 /* ServiceType+AlamofireExecutor.swift */,
				320BEA8224B5C3C300C45457 /* LSAPI.h */,
				320BEA8324B5C3C300C45457 /* Info.plist */,
			);
			path = LSAPI;
			sourceTree = "<group>";
		};
		320BEA8A24B5C46100C45457 /* APIbase */ = {
			isa = PBXGroup;
			children = (
				320BEA8B24B5C46100C45457 /* Cancelable.swift */,
				320BEA8C24B5C46100C45457 /* MultipartFormData.swift */,
				320BEA8D24B5C46100C45457 /* VoidParser.swift */,
				320BEA8E24B5C46100C45457 /* GenericRequest.swift */,
				320BEA8F24B5C46100C45457 /* APIError.swift */,
				320BEA9024B5C46100C45457 /* Service.swift */,
				320BEA9124B5C46100C45457 /* NopCancelable.swift */,
				320BEA9224B5C46100C45457 /* Engine.swift */,
				320BEA9324B5C46100C45457 /* Result.swift */,
				320BEA9424B5C46100C45457 /* HTTPMethod.swift */,
				320BEA9524B5C46100C45457 /* RequestExecutor.swift */,
				320BEA9624B5C46100C45457 /* Request.swift */,
				320BEA9724B5C46100C45457 /* AnonymousCancelable.swift */,
				320BEA9824B5C46100C45457 /* Parser.swift */,
				320BEA9924B5C46100C45457 /* JSONRequest.swift */,
				320BEA9A24B5C46100C45457 /* AlamofireExecutor.swift */,
				320BEA9B24B5C46100C45457 /* StringParser.swift */,
			);
			path = APIbase;
			sourceTree = "<group>";
		};
		320BEAAD24B5CC1300C45457 /* Frameworks */ = {
			isa = PBXGroup;
			children = (
				320BEAB224B5D40300C45457 /* Alamofire.framework */,
				320BEAAE24B5CC1400C45457 /* RxSwift.framework */,
			);
			name = Frameworks;
			sourceTree = "<group>";
		};
		320BEABF24B6531E00C45457 /* LS_Demo */ = {
			isa = PBXGroup;
			children = (
				320BEAD624B6537900C45457 /* BaseRequestProtocol.swift */,
				320BEAD324B6535E00C45457 /* BookRequest.swift */,
				320BEAD224B6535E00C45457 /* BookService.swift */,
				320BEAC024B6531E00C45457 /* AppDelegate.swift */,
				320BEAC224B6531E00C45457 /* SceneDelegate.swift */,
				320BEB1324B6DCFD00C45457 /* ViewController.swift */,
				320BEAC424B6531E00C45457 /* ContentView.swift */,
				320BEAC624B6532100C45457 /* Assets.xcassets */,
				320BEACB24B6532100C45457 /* LaunchScreen.storyboard */,
				320BEACE24B6532100C45457 /* Info.plist */,
				320BEAC824B6532100C45457 /* Preview Content */,
			);
			path = LS_Demo;
			sourceTree = "<group>";
		};
		320BEAC824B6532100C45457 /* Preview Content */ = {
			isa = PBXGroup;
			children = (
				320BEAC924B6532100C45457 /* Preview Assets.xcassets */,
			);
			path = "Preview Content";
			sourceTree = "<group>";
		};
		320BEAE724B6D49D00C45457 /* RxService */ = {
			isa = PBXGroup;
			children = (
				320BEAB624B5D9C500C45457 /* ServiceType+Rx.swift */,
				320BEAE824B6D49D00C45457 /* RxService.h */,
				320BEAE924B6D49D00C45457 /* Info.plist */,
			);
			path = RxService;
			sourceTree = "<group>";
		};
		320BEB0124B6DC1C00C45457 /* CbService */ = {
			isa = PBXGroup;
			children = (
				320BEB0224B6DC1C00C45457 /* CbService.h */,
				320BEB0324B6DC1C00C45457 /* Info.plist */,
				320BEB1124B6DC5000C45457 /* ServiceType+Combine.swift */,
			);
			path = CbService;
			sourceTree = "<group>";
		};
/* End PBXGroup section */

/* Begin PBXHeadersBuildPhase section */
		320BEA7A24B5C3C300C45457 /* Headers */ = {
			isa = PBXHeadersBuildPhase;
			buildActionMask = 2147483647;
			files = (
				320BEA8424B5C3C300C45457 /* LSAPI.h in Headers */,
			);
			runOnlyForDeploymentPostprocessing = 0;
		};
		320BEAE124B6D49D00C45457 /* Headers */ = {
			isa = PBXHeadersBuildPhase;
			buildActionMask = 2147483647;
			files = (
				320BEAEA24B6D49D00C45457 /* RxService.h in Headers */,
			);
			runOnlyForDeploymentPostprocessing = 0;
		};
		320BEAFB24B6DC1C00C45457 /* Headers */ = {
			isa = PBXHeadersBuildPhase;
			buildActionMask = 2147483647;
			files = (
				320BEB0424B6DC1C00C45457 /* CbService.h in Headers */,
			);
			runOnlyForDeploymentPostprocessing = 0;
		};
/* End PBXHeadersBuildPhase section */

/* Begin PBXNativeTarget section */
		320BEA7E24B5C3C300C45457 /* LSAPI */ = {
			isa = PBXNativeTarget;
			buildConfigurationList = 320BEA8724B5C3C300C45457 /* Build configuration list for PBXNativeTarget "LSAPI" */;
			buildPhases = (
				320BEA7A24B5C3C300C45457 /* Headers */,
				320BEA7B24B5C3C300C45457 /* Sources */,
				320BEA7C24B5C3C300C45457 /* Frameworks */,
				320BEA7D24B5C3C300C45457 /* Resources */,
			);
			buildRules = (
			);
			dependencies = (
			);
			name = LSAPI;
			productName = LSAPI;
			productReference = 320BEA7F24B5C3C300C45457 /* LSAPI.framework */;
			productType = "com.apple.product-type.framework";
		};
		320BEABD24B6531E00C45457 /* LS_Demo */ = {
			isa = PBXNativeTarget;
			buildConfigurationList = 320BEACF24B6532100C45457 /* Build configuration list for PBXNativeTarget "LS_Demo" */;
			buildPhases = (
				320BEABA24B6531E00C45457 /* Sources */,
				320BEABB24B6531E00C45457 /* Frameworks */,
				320BEABC24B6531E00C45457 /* Resources */,
				320BEADC24B653AA00C45457 /* Embed Frameworks */,
			);
			buildRules = (
			);
			dependencies = (
				320BEAEC24B6D49D00C45457 /* PBXTargetDependency */,
				320BEB0624B6DC1D00C45457 /* PBXTargetDependency */,
			);
			name = LS_Demo;
			productName = LS_Demo;
			productReference = 320BEABE24B6531E00C45457 /* LS_Demo.app */;
			productType = "com.apple.product-type.application";
		};
		320BEAE524B6D49D00C45457 /* RxService */ = {
			isa = PBXNativeTarget;
			buildConfigurationList = 320BEAEF24B6D49D00C45457 /* Build configuration list for PBXNativeTarget "RxService" */;
			buildPhases = (
				320BEAE124B6D49D00C45457 /* Headers */,
				320BEAE224B6D49D00C45457 /* Sources */,
				320BEAE324B6D49D00C45457 /* Frameworks */,
				320BEAE424B6D49D00C45457 /* Resources */,
			);
			buildRules = (
			);
			dependencies = (
				320BEAF924B6D57D00C45457 /* PBXTargetDependency */,
			);
			name = RxService;
			productName = RxService;
			productReference = 320BEAE624B6D49D00C45457 /* RxService.framework */;
			productType = "com.apple.product-type.framework";
		};
		320BEAFF24B6DC1C00C45457 /* CbService */ = {
			isa = PBXNativeTarget;
			buildConfigurationList = 320BEB0924B6DC1D00C45457 /* Build configuration list for PBXNativeTarget "CbService" */;
			buildPhases = (
				320BEAFB24B6DC1C00C45457 /* Headers */,
				320BEAFC24B6DC1C00C45457 /* Sources */,
				320BEAFD24B6DC1C00C45457 /* Frameworks */,
				320BEAFE24B6DC1C00C45457 /* Resources */,
			);
			buildRules = (
			);
			dependencies = (
				320BEB0F24B6DC2800C45457 /* PBXTargetDependency */,
			);
			name = CbService;
			productName = CbService;
			productReference = 320BEB0024B6DC1C00C45457 /* CbService.framework */;
			productType = "com.apple.product-type.framework";
		};
/* End PBXNativeTarget section */

/* Begin PBXProject section */
		320BEA7624B5C3C300C45457 /* Project object */ = {
			isa = PBXProject;
			attributes = {
				LastSwiftUpdateCheck = 1150;
				LastUpgradeCheck = 1150;
				ORGANIZATIONNAME = sai.api.framework;
				TargetAttributes = {
					320BEA7E24B5C3C300C45457 = {
						CreatedOnToolsVersion = 11.5;
					};
					320BEABD24B6531E00C45457 = {
						CreatedOnToolsVersion = 11.5;
					};
					320BEAE524B6D49D00C45457 = {
						CreatedOnToolsVersion = 11.5;
					};
					320BEAFF24B6DC1C00C45457 = {
						CreatedOnToolsVersion = 11.5;
						LastSwiftMigration = 1150;
					};
				};
			};
			buildConfigurationList = 320BEA7924B5C3C300C45457 /* Build configuration list for PBXProject "LSAPI" */;
			compatibilityVersion = "Xcode 9.3";
			developmentRegion = en;
			hasScannedForEncodings = 0;
			knownRegions = (
				en,
				Base,
			);
			mainGroup = 320BEA7524B5C3C300C45457;
			productRefGroup = 320BEA8024B5C3C300C45457 /* Products */;
			projectDirPath = "";
			projectRoot = "";
			targets = (
				320BEABD24B6531E00C45457 /* LS_Demo */,
				320BEA7E24B5C3C300C45457 /* LSAPI */,
				320BEAE524B6D49D00C45457 /* RxService */,
				320BEAFF24B6DC1C00C45457 /* CbService */,
			);
		};
/* End PBXProject section */

/* Begin PBXResourcesBuildPhase section */
		320BEA7D24B5C3C300C45457 /* Resources */ = {
			isa = PBXResourcesBuildPhase;
			buildActionMask = 2147483647;
			files = (
			);
			runOnlyForDeploymentPostprocessing = 0;
		};
		320BEABC24B6531E00C45457 /* Resources */ = {
			isa = PBXResourcesBuildPhase;
			buildActionMask = 2147483647;
			files = (
				320BEACD24B6532100C45457 /* LaunchScreen.storyboard in Resources */,
				320BEACA24B6532100C45457 /* Preview Assets.xcassets in Resources */,
				320BEAC724B6532100C45457 /* Assets.xcassets in Resources */,
			);
			runOnlyForDeploymentPostprocessing = 0;
		};
		320BEAE424B6D49D00C45457 /* Resources */ = {
			isa = PBXResourcesBuildPhase;
			buildActionMask = 2147483647;
			files = (
			);
			runOnlyForDeploymentPostprocessing = 0;
		};
		320BEAFE24B6DC1C00C45457 /* Resources */ = {
			isa = PBXResourcesBuildPhase;
			buildActionMask = 2147483647;
			files = (
			);
			runOnlyForDeploymentPostprocessing = 0;
		};
/* End PBXResourcesBuildPhase section */

/* Begin PBXSourcesBuildPhase section */
		320BEA7B24B5C3C300C45457 /* Sources */ = {
			isa = PBXSourcesBuildPhase;
			buildActionMask = 2147483647;
			files = (
				320BEAB924B5D9C500C45457 /* ServiceType+AlamofireExecutor.swift in Sources */,
				320BEAA424B5C46100C45457 /* Result.swift in Sources */,
				320BEAAB24B5C46100C45457 /* AlamofireExecutor.swift in Sources */,
				320BEAA724B5C46100C45457 /* Request.swift in Sources */,
				320BEAAA24B5C46100C45457 /* JSONRequest.swift in Sources */,
				320BEA9D24B5C46100C45457 /* MultipartFormData.swift in Sources */,
				320BEAA224B5C46100C45457 /* NopCancelable.swift in Sources */,
				320BEA9F24B5C46100C45457 /* GenericRequest.swift in Sources */,
				320BEA9E24B5C46100C45457 /* VoidParser.swift in Sources */,
				320BEAA924B5C46100C45457 /* Parser.swift in Sources */,
				320BEAAC24B5C46100C45457 /* StringParser.swift in Sources */,
				320BEAA624B5C46100C45457 /* RequestExecutor.swift in Sources */,
				320BEAA024B5C46100C45457 /* APIError.swift in Sources */,
				320BEAA324B5C46100C45457 /* Engine.swift in Sources */,
				320BEA9C24B5C46100C45457 /* Cancelable.swift in Sources */,
				320BEAA524B5C46100C45457 /* HTTPMethod.swift in Sources */,
				320BEAA124B5C46100C45457 /* Service.swift in Sources */,
				320BEAA824B5C46100C45457 /* AnonymousCancelable.swift in Sources */,
			);
			runOnlyForDeploymentPostprocessing = 0;
		};
		320BEABA24B6531E00C45457 /* Sources */ = {
			isa = PBXSourcesBuildPhase;
			buildActionMask = 2147483647;
			files = (
				320BEAC124B6531E00C45457 /* AppDelegate.swift in Sources */,
				320BEAD524B6535E00C45457 /* BookRequest.swift in Sources */,
				320BEAD724B6537900C45457 /* BaseRequestProtocol.swift in Sources */,
				320BEAC324B6531E00C45457 /* SceneDelegate.swift in Sources */,
				320BEB1424B6DCFD00C45457 /* ViewController.swift in Sources */,
				320BEAD424B6535E00C45457 /* BookService.swift in Sources */,
				320BEAC524B6531E00C45457 /* ContentView.swift in Sources */,
			);
			runOnlyForDeploymentPostprocessing = 0;
		};
		320BEAE224B6D49D00C45457 /* Sources */ = {
			isa = PBXSourcesBuildPhase;
			buildActionMask = 2147483647;
			files = (
				320BEAF224B6D51A00C45457 /* ServiceType+Rx.swift in Sources */,
			);
			runOnlyForDeploymentPostprocessing = 0;
		};
		320BEAFC24B6DC1C00C45457 /* Sources */ = {
			isa = PBXSourcesBuildPhase;
			buildActionMask = 2147483647;
			files = (
				320BEB1224B6DC5000C45457 /* ServiceType+Combine.swift in Sources */,
			);
			runOnlyForDeploymentPostprocessing = 0;
		};
/* End PBXSourcesBuildPhase section */

/* Begin PBXTargetDependency section */
		320BEAEC24B6D49D00C45457 /* PBXTargetDependency */ = {
			isa = PBXTargetDependency;
			target = 320BEAE524B6D49D00C45457 /* RxService */;
			targetProxy = 320BEAEB24B6D49D00C45457 /* PBXContainerItemProxy */;
		};
		320BEAF924B6D57D00C45457 /* PBXTargetDependency */ = {
			isa = PBXTargetDependency;
			target = 320BEA7E24B5C3C300C45457 /* LSAPI */;
			targetProxy = 320BEAF824B6D57D00C45457 /* PBXContainerItemProxy */;
		};
		320BEB0624B6DC1D00C45457 /* PBXTargetDependency */ = {
			isa = PBXTargetDependency;
			target = 320BEAFF24B6DC1C00C45457 /* CbService */;
			targetProxy = 320BEB0524B6DC1D00C45457 /* PBXContainerItemProxy */;
		};
		320BEB0F24B6DC2800C45457 /* PBXTargetDependency */ = {
			isa = PBXTargetDependency;
			target = 320BEA7E24B5C3C300C45457 /* LSAPI */;
			targetProxy = 320BEB0E24B6DC2800C45457 /* PBXContainerItemProxy */;
		};
/* End PBXTargetDependency section */

/* Begin PBXVariantGroup section */
		320BEACB24B6532100C45457 /* LaunchScreen.storyboard */ = {
			isa = PBXVariantGroup;
			children = (
				320BEACC24B6532100C45457 /* Base */,
			);
			name = LaunchScreen.storyboard;
			sourceTree = "<group>";
		};
/* End PBXVariantGroup section */

/* Begin XCBuildConfiguration section */
		320BEA8524B5C3C300C45457 /* Debug */ = {
			isa = XCBuildConfiguration;
			buildSettings = {
				ALWAYS_SEARCH_USER_PATHS = NO;
				CLANG_ANALYZER_NONNULL = YES;
				CLANG_ANALYZER_NUMBER_OBJECT_CONVERSION = YES_AGGRESSIVE;
				CLANG_CXX_LANGUAGE_STANDARD = "gnu++14";
				CLANG_CXX_LIBRARY = "libc++";
				CLANG_ENABLE_MODULES = YES;
				CLANG_ENABLE_OBJC_ARC = YES;
				CLANG_ENABLE_OBJC_WEAK = YES;
				CLANG_WARN_BLOCK_CAPTURE_AUTORELEASING = YES;
				CLANG_WARN_BOOL_CONVERSION = YES;
				CLANG_WARN_COMMA = YES;
				CLANG_WARN_CONSTANT_CONVERSION = YES;
				CLANG_WARN_DEPRECATED_OBJC_IMPLEMENTATIONS = YES;
				CLANG_WARN_DIRECT_OBJC_ISA_USAGE = YES_ERROR;
				CLANG_WARN_DOCUMENTATION_COMMENTS = YES;
				CLANG_WARN_EMPTY_BODY = YES;
				CLANG_WARN_ENUM_CONVERSION = YES;
				CLANG_WARN_INFINITE_RECURSION = YES;
				CLANG_WARN_INT_CONVERSION = YES;
				CLANG_WARN_NON_LITERAL_NULL_CONVERSION = YES;
				CLANG_WARN_OBJC_IMPLICIT_RETAIN_SELF = YES;
				CLANG_WARN_OBJC_LITERAL_CONVERSION = YES;
				CLANG_WARN_OBJC_ROOT_CLASS = YES_ERROR;
				CLANG_WARN_RANGE_LOOP_ANALYSIS = YES;
				CLANG_WARN_STRICT_PROTOTYPES = YES;
				CLANG_WARN_SUSPICIOUS_MOVE = YES;
				CLANG_WARN_UNGUARDED_AVAILABILITY = YES_AGGRESSIVE;
				CLANG_WARN_UNREACHABLE_CODE = YES;
				CLANG_WARN__DUPLICATE_METHOD_MATCH = YES;
				COPY_PHASE_STRIP = NO;
				CURRENT_PROJECT_VERSION = 1;
				DEBUG_INFORMATION_FORMAT = dwarf;
				ENABLE_STRICT_OBJC_MSGSEND = YES;
				ENABLE_TESTABILITY = YES;
				GCC_C_LANGUAGE_STANDARD = gnu11;
				GCC_DYNAMIC_NO_PIC = NO;
				GCC_NO_COMMON_BLOCKS = YES;
				GCC_OPTIMIZATION_LEVEL = 0;
				GCC_PREPROCESSOR_DEFINITIONS = (
					"DEBUG=1",
					"$(inherited)",
				);
				GCC_WARN_64_TO_32_BIT_CONVERSION = YES;
				GCC_WARN_ABOUT_RETURN_TYPE = YES_ERROR;
				GCC_WARN_UNDECLARED_SELECTOR = YES;
				GCC_WARN_UNINITIALIZED_AUTOS = YES_AGGRESSIVE;
				GCC_WARN_UNUSED_FUNCTION = YES;
				GCC_WARN_UNUSED_VARIABLE = YES;
				IPHONEOS_DEPLOYMENT_TARGET = 13.5;
				MTL_ENABLE_DEBUG_INFO = INCLUDE_SOURCE;
				MTL_FAST_MATH = YES;
				ONLY_ACTIVE_ARCH = YES;
				SDKROOT = iphoneos;
				SWIFT_ACTIVE_COMPILATION_CONDITIONS = DEBUG;
				SWIFT_OPTIMIZATION_LEVEL = "-Onone";
				VERSIONING_SYSTEM = "apple-generic";
				VERSION_INFO_PREFIX = "";
			};
			name = Debug;
		};
		320BEA8624B5C3C300C45457 /* Release */ = {
			isa = XCBuildConfiguration;
			buildSettings = {
				ALWAYS_SEARCH_USER_PATHS = NO;
				CLANG_ANALYZER_NONNULL = YES;
				CLANG_ANALYZER_NUMBER_OBJECT_CONVERSION = YES_AGGRESSIVE;
				CLANG_CXX_LANGUAGE_STANDARD = "gnu++14";
				CLANG_CXX_LIBRARY = "libc++";
				CLANG_ENABLE_MODULES = YES;
				CLANG_ENABLE_OBJC_ARC = YES;
				CLANG_ENABLE_OBJC_WEAK = YES;
				CLANG_WARN_BLOCK_CAPTURE_AUTORELEASING = YES;
				CLANG_WARN_BOOL_CONVERSION = YES;
				CLANG_WARN_COMMA = YES;
				CLANG_WARN_CONSTANT_CONVERSION = YES;
				CLANG_WARN_DEPRECATED_OBJC_IMPLEMENTATIONS = YES;
				CLANG_WARN_DIRECT_OBJC_ISA_USAGE = YES_ERROR;
				CLANG_WARN_DOCUMENTATION_COMMENTS = YES;
				CLANG_WARN_EMPTY_BODY = YES;
				CLANG_WARN_ENUM_CONVERSION = YES;
				CLANG_WARN_INFINITE_RECURSION = YES;
				CLANG_WARN_INT_CONVERSION = YES;
				CLANG_WARN_NON_LITERAL_NULL_CONVERSION = YES;
				CLANG_WARN_OBJC_IMPLICIT_RETAIN_SELF = YES;
				CLANG_WARN_OBJC_LITERAL_CONVERSION = YES;
				CLANG_WARN_OBJC_ROOT_CLASS = YES_ERROR;
				CLANG_WARN_RANGE_LOOP_ANALYSIS = YES;
				CLANG_WARN_STRICT_PROTOTYPES = YES;
				CLANG_WARN_SUSPICIOUS_MOVE = YES;
				CLANG_WARN_UNGUARDED_AVAILABILITY = YES_AGGRESSIVE;
				CLANG_WARN_UNREACHABLE_CODE = YES;
				CLANG_WARN__DUPLICATE_METHOD_MATCH = YES;
				COPY_PHASE_STRIP = NO;
				CURRENT_PROJECT_VERSION = 1;
				DEBUG_INFORMATION_FORMAT = "dwarf-with-dsym";
				ENABLE_NS_ASSERTIONS = NO;
				ENABLE_STRICT_OBJC_MSGSEND = YES;
				GCC_C_LANGUAGE_STANDARD = gnu11;
				GCC_NO_COMMON_BLOCKS = YES;
				GCC_WARN_64_TO_32_BIT_CONVERSION = YES;
				GCC_WARN_ABOUT_RETURN_TYPE = YES_ERROR;
				GCC_WARN_UNDECLARED_SELECTOR = YES;
				GCC_WARN_UNINITIALIZED_AUTOS = YES_AGGRESSIVE;
				GCC_WARN_UNUSED_FUNCTION = YES;
				GCC_WARN_UNUSED_VARIABLE = YES;
				IPHONEOS_DEPLOYMENT_TARGET = 13.5;
				MTL_ENABLE_DEBUG_INFO = NO;
				MTL_FAST_MATH = YES;
				SDKROOT = iphoneos;
				SWIFT_COMPILATION_MODE = wholemodule;
				SWIFT_OPTIMIZATION_LEVEL = "-O";
				VALIDATE_PRODUCT = YES;
				VERSIONING_SYSTEM = "apple-generic";
				VERSION_INFO_PREFIX = "";
			};
			name = Release;
		};
		320BEA8824B5C3C300C45457 /* Debug */ = {
			isa = XCBuildConfiguration;
			buildSettings = {
				CODE_SIGN_STYLE = Automatic;
				DEFINES_MODULE = YES;
				DEVELOPMENT_TEAM = S96U3M6S5J;
				DYLIB_COMPATIBILITY_VERSION = 1;
				DYLIB_CURRENT_VERSION = 1;
				DYLIB_INSTALL_NAME_BASE = "@rpath";
				FRAMEWORK_SEARCH_PATHS = (
					"$(inherited)",
					"$(PROJECT_DIR)/Carthage/Build/iOS",
				);
				INFOPLIST_FILE = LSAPI/Info.plist;
				INSTALL_PATH = "$(LOCAL_LIBRARY_DIR)/Frameworks";
				IPHONEOS_DEPLOYMENT_TARGET = 11.0;
				LD_RUNPATH_SEARCH_PATHS = (
					"$(inherited)",
					"@executable_path/Frameworks",
					"@loader_path/Frameworks",
				);
				PRODUCT_BUNDLE_IDENTIFIER = com.sai.api.LSAPI;
				PRODUCT_NAME = "$(TARGET_NAME:c99extidentifier)";
				SKIP_INSTALL = YES;
				SWIFT_VERSION = 5.0;
				TARGETED_DEVICE_FAMILY = "1,2";
			};
			name = Debug;
		};
		320BEA8924B5C3C300C45457 /* Release */ = {
			isa = XCBuildConfiguration;
			buildSettings = {
				CODE_SIGN_STYLE = Automatic;
				DEFINES_MODULE = YES;
				DEVELOPMENT_TEAM = S96U3M6S5J;
				DYLIB_COMPATIBILITY_VERSION = 1;
				DYLIB_CURRENT_VERSION = 1;
				DYLIB_INSTALL_NAME_BASE = "@rpath";
				FRAMEWORK_SEARCH_PATHS = (
					"$(inherited)",
					"$(PROJECT_DIR)/Carthage/Build/iOS",
				);
				INFOPLIST_FILE = LSAPI/Info.plist;
				INSTALL_PATH = "$(LOCAL_LIBRARY_DIR)/Frameworks";
				IPHONEOS_DEPLOYMENT_TARGET = 11.0;
				LD_RUNPATH_SEARCH_PATHS = (
					"$(inherited)",
					"@executable_path/Frameworks",
					"@loader_path/Frameworks",
				);
				PRODUCT_BUNDLE_IDENTIFIER = com.sai.api.LSAPI;
				PRODUCT_NAME = "$(TARGET_NAME:c99extidentifier)";
				SKIP_INSTALL = YES;
				SWIFT_VERSION = 5.0;
				TARGETED_DEVICE_FAMILY = "1,2";
			};
			name = Release;
		};
		320BEAD024B6532100C45457 /* Debug */ = {
			isa = XCBuildConfiguration;
			buildSettings = {
				ALWAYS_EMBED_SWIFT_STANDARD_LIBRARIES = YES;
				ASSETCATALOG_COMPILER_APPICON_NAME = AppIcon;
				CODE_SIGN_STYLE = Automatic;
				DEVELOPMENT_ASSET_PATHS = "\"LS_Demo/Preview Content\"";
				DEVELOPMENT_TEAM = S96U3M6S5J;
				ENABLE_PREVIEWS = YES;
				FRAMEWORK_SEARCH_PATHS = (
					"$(inherited)",
					"$(PROJECT_DIR)/Carthage/Build/iOS",
				);
				INFOPLIST_FILE = LS_Demo/Info.plist;
				IPHONEOS_DEPLOYMENT_TARGET = 13.0;
				LD_RUNPATH_SEARCH_PATHS = (
					"$(inherited)",
					"@executable_path/Frameworks",
				);
				PRODUCT_BUNDLE_IDENTIFIER = "com.sai.api.LS-Demo";
				PRODUCT_NAME = "$(TARGET_NAME)";
				SWIFT_VERSION = 5.0;
				TARGETED_DEVICE_FAMILY = "1,2";
			};
			name = Debug;
		};
		320BEAD124B6532100C45457 /* Release */ = {
			isa = XCBuildConfiguration;
			buildSettings = {
				ALWAYS_EMBED_SWIFT_STANDARD_LIBRARIES = YES;
				ASSETCATALOG_COMPILER_APPICON_NAME = AppIcon;
				CODE_SIGN_STYLE = Automatic;
				DEVELOPMENT_ASSET_PATHS = "\"LS_Demo/Preview Content\"";
				DEVELOPMENT_TEAM = S96U3M6S5J;
				ENABLE_PREVIEWS = YES;
				FRAMEWORK_SEARCH_PATHS = (
					"$(inherited)",
					"$(PROJECT_DIR)/Carthage/Build/iOS",
				);
				INFOPLIST_FILE = LS_Demo/Info.plist;
				IPHONEOS_DEPLOYMENT_TARGET = 13.0;
				LD_RUNPATH_SEARCH_PATHS = (
					"$(inherited)",
					"@executable_path/Frameworks",
				);
				PRODUCT_BUNDLE_IDENTIFIER = "com.sai.api.LS-Demo";
				PRODUCT_NAME = "$(TARGET_NAME)";
				SWIFT_VERSION = 5.0;
				TARGETED_DEVICE_FAMILY = "1,2";
			};
			name = Release;
		};
		320BEAF024B6D49D00C45457 /* Debug */ = {
			isa = XCBuildConfiguration;
			buildSettings = {
				CODE_SIGN_STYLE = Automatic;
				DEFINES_MODULE = YES;
				DEVELOPMENT_TEAM = S96U3M6S5J;
				DYLIB_COMPATIBILITY_VERSION = 1;
				DYLIB_CURRENT_VERSION = 1;
				DYLIB_INSTALL_NAME_BASE = "@rpath";
				FRAMEWORK_SEARCH_PATHS = (
					"$(inherited)",
					"$(PROJECT_DIR)/Carthage/Build/iOS",
				);
				INFOPLIST_FILE = RxService/Info.plist;
				INSTALL_PATH = "$(LOCAL_LIBRARY_DIR)/Frameworks";
				IPHONEOS_DEPLOYMENT_TARGET = 11.0;
				LD_RUNPATH_SEARCH_PATHS = (
					"$(inherited)",
					"@executable_path/Frameworks",
					"@loader_path/Frameworks",
				);
				PRODUCT_BUNDLE_IDENTIFIER = com.sai.api.RxService;
				PRODUCT_NAME = "$(TARGET_NAME:c99extidentifier)";
				SKIP_INSTALL = YES;
				SWIFT_VERSION = 5.0;
				TARGETED_DEVICE_FAMILY = "1,2";
			};
			name = Debug;
		};
		320BEAF124B6D49D00C45457 /* Release */ = {
			isa = XCBuildConfiguration;
			buildSettings = {
				CODE_SIGN_STYLE = Automatic;
				DEFINES_MODULE = YES;
				DEVELOPMENT_TEAM = S96U3M6S5J;
				DYLIB_COMPATIBILITY_VERSION = 1;
				DYLIB_CURRENT_VERSION = 1;
				DYLIB_INSTALL_NAME_BASE = "@rpath";
				FRAMEWORK_SEARCH_PATHS = (
					"$(inherited)",
					"$(PROJECT_DIR)/Carthage/Build/iOS",
				);
				INFOPLIST_FILE = RxService/Info.plist;
				INSTALL_PATH = "$(LOCAL_LIBRARY_DIR)/Frameworks";
				IPHONEOS_DEPLOYMENT_TARGET = 11.0;
				LD_RUNPATH_SEARCH_PATHS = (
					"$(inherited)",
					"@executable_path/Frameworks",
					"@loader_path/Frameworks",
				);
				PRODUCT_BUNDLE_IDENTIFIER = com.sai.api.RxService;
				PRODUCT_NAME = "$(TARGET_NAME:c99extidentifier)";
				SKIP_INSTALL = YES;
				SWIFT_VERSION = 5.0;
				TARGETED_DEVICE_FAMILY = "1,2";
			};
			name = Release;
		};
		320BEB0A24B6DC1D00C45457 /* Debug */ = {
			isa = XCBuildConfiguration;
			buildSettings = {
				CLANG_ENABLE_MODULES = YES;
				CODE_SIGN_STYLE = Automatic;
				DEFINES_MODULE = YES;
				DEVELOPMENT_TEAM = S96U3M6S5J;
				DYLIB_COMPATIBILITY_VERSION = 1;
				DYLIB_CURRENT_VERSION = 1;
				DYLIB_INSTALL_NAME_BASE = "@rpath";
				INFOPLIST_FILE = CbService/Info.plist;
				INSTALL_PATH = "$(LOCAL_LIBRARY_DIR)/Frameworks";
				IPHONEOS_DEPLOYMENT_TARGET = 13.0;
				LD_RUNPATH_SEARCH_PATHS = (
					"$(inherited)",
					"@executable_path/Frameworks",
					"@loader_path/Frameworks",
				);
				PRODUCT_BUNDLE_IDENTIFIER = com.sai.api.CbService;
				PRODUCT_NAME = "$(TARGET_NAME:c99extidentifier)";
				SKIP_INSTALL = YES;
				SWIFT_OPTIMIZATION_LEVEL = "-Onone";
				SWIFT_VERSION = 5.0;
				TARGETED_DEVICE_FAMILY = "1,2";
			};
			name = Debug;
		};
		320BEB0B24B6DC1D00C45457 /* Release */ = {
			isa = XCBuildConfiguration;
			buildSettings = {
				CLANG_ENABLE_MODULES = YES;
				CODE_SIGN_STYLE = Automatic;
				DEFINES_MODULE = YES;
				DEVELOPMENT_TEAM = S96U3M6S5J;
				DYLIB_COMPATIBILITY_VERSION = 1;
				DYLIB_CURRENT_VERSION = 1;
				DYLIB_INSTALL_NAME_BASE = "@rpath";
				INFOPLIST_FILE = CbService/Info.plist;
				INSTALL_PATH = "$(LOCAL_LIBRARY_DIR)/Frameworks";
				IPHONEOS_DEPLOYMENT_TARGET = 13.0;
				LD_RUNPATH_SEARCH_PATHS = (
					"$(inherited)",
					"@executable_path/Frameworks",
					"@loader_path/Frameworks",
				);
				PRODUCT_BUNDLE_IDENTIFIER = com.sai.api.CbService;
				PRODUCT_NAME = "$(TARGET_NAME:c99extidentifier)";
				SKIP_INSTALL = YES;
				SWIFT_VERSION = 5.0;
				TARGETED_DEVICE_FAMILY = "1,2";
			};
			name = Release;
		};
/* End XCBuildConfiguration section */

/* Begin XCConfigurationList section */
		320BEA7924B5C3C300C45457 /* Build configuration list for PBXProject "LSAPI" */ = {
			isa = XCConfigurationList;
			buildConfigurations = (
				320BEA8524B5C3C300C45457 /* Debug */,
				320BEA8624B5C3C300C45457 /* Release */,
			);
			defaultConfigurationIsVisible = 0;
			defaultConfigurationName = Release;
		};
		320BEA8724B5C3C300C45457 /* Build configuration list for PBXNativeTarget "LSAPI" */ = {
			isa = XCConfigurationList;
			buildConfigurations = (
				320BEA8824B5C3C300C45457 /* Debug */,
				320BEA8924B5C3C300C45457 /* Release */,
			);
			defaultConfigurationIsVisible = 0;
			defaultConfigurationName = Release;
		};
		320BEACF24B6532100C45457 /* Build configuration list for PBXNativeTarget "LS_Demo" */ = {
			isa = XCConfigurationList;
			buildConfigurations = (
				320BEAD024B6532100C45457 /* Debug */,
				320BEAD124B6532100C45457 /* Release */,
			);
			defaultConfigurationIsVisible = 0;
			defaultConfigurationName = Release;
		};
		320BEAEF24B6D49D00C45457 /* Build configuration list for PBXNativeTarget "RxService" */ = {
			isa = XCConfigurationList;
			buildConfigurations = (
				320BEAF024B6D49D00C45457 /* Debug */,
				320BEAF124B6D49D00C45457 /* Release */,
			);
			defaultConfigurationIsVisible = 0;
			defaultConfigurationName = Release;
		};
		320BEB0924B6DC1D00C45457 /* Build configuration list for PBXNativeTarget "CbService" */ = {
			isa = XCConfigurationList;
			buildConfigurations = (
				320BEB0A24B6DC1D00C45457 /* Debug */,
				320BEB0B24B6DC1D00C45457 /* Release */,
			);
			defaultConfigurationIsVisible = 0;
			defaultConfigurationName = Release;
		};
/* End XCConfigurationList section */
	};
	rootObject = 320BEA7624B5C3C300C45457 /* Project object */;
}
